Microsoft Visual Studio Solution File, Format Version 12.00
# Visual Studio Version 17
VisualStudioVersion = 17.5.2.0
MinimumVisualStudioVersion = 10.0.40219.1
Project("{FAE04EC0-301F-11D3-BF4B-00C04F79EFBC}") = "ProfileManagement.API", "ProfileManagement.API\ProfileManagement.API.csproj", "{00748122-180F-CEEA-9B41-8EBE2F3C5FA2}"
EndProject
Global
	GlobalSection(SolutionConfigurationPlatforms) = preSolution
		Debug|Any CPU = Debug|Any CPU
		Release|Any CPU = Release|Any CPU
	EndGlobalSection
	GlobalSection(ProjectConfigurationPlatforms) = postSolution
		{00748122-180F-CEEA-9B41-8EBE2F3C5FA2}.Debug|Any CPU.ActiveCfg = Debug|Any CPU
		{00748122-180F-CEEA-9B41-8EBE2F3C5FA2}.Debug|Any CPU.Build.0 = Debug|Any CPU
		{00748122-180F-CEEA-9B41-8EBE2F3C5FA2}.Release|Any CPU.ActiveCfg = Release|Any CPU
		{00748122-180F-CEEA-9B41-8EBE2F3C5FA2}.Release|Any CPU.Build.0 = Release|Any CPU
	EndGlobalSection
	GlobalSection(SolutionProperties) = preSolution
		HideSolutionNode = FALSE
	EndGlobalSection
	GlobalSection(ExtensibilityGlobals) = postSolution
		SolutionGuid = {2C1E6588-812C-414B-A60F-F56D4C7FD3E9}
	EndGlobalSection
EndGlobal
